
Microsoft Visual Studio Solution File, Format Version 12.00
Project("{FAE04EC0-301F-11D3-BF4B-00C04F79EFBC}") = "lab2", "lab2.csproj", "{F79F06EA-99B3-47F8-BC19-692B362C5B89}"
EndProject
Global
	GlobalSection(SolutionConfigurationPlatforms) = preSolution
		Debug|Any CPU = Debug|Any CPU
		Release|Any CPU = Release|Any CPU
	EndGlobalSection
	GlobalSection(ProjectConfigurationPlatforms) = postSolution
		{F79F06EA-99B3-47F8-BC19-692B362C5B89}.Debug|Any CPU.ActiveCfg = Debug|Any CPU
		{F79F06EA-99B3-47F8-BC19-692B362C5B89}.Debug|Any CPU.Build.0 = Debug|Any CPU
		{F79F06EA-99B3-47F8-BC19-692B362C5B89}.Release|Any CPU.ActiveCfg = Release|Any CPU
		{F79F06EA-99B3-47F8-BC19-692B362C5B89}.Release|Any CPU.Build.0 = Release|Any CPU
	EndGlobalSection
EndGlobal
